
Microsoft Visual Studio Solution File, Format Version 12.00
# Visual Studio Version 17
VisualStudioVersion = 17.14.36401.2 d17.14
MinimumVisualStudioVersion = 10.0.40219.1
Project("{FAE04EC0-301F-11D3-BF4B-00C04F79EFBC}") = "Ejer2", "Ejer2.csproj", "{20266B08-CE31-4950-B841-7C0F2C00B0EA}"
EndProject
Global
	GlobalSection(SolutionConfigurationPlatforms) = preSolution
		Debug|Any CPU = Debug|Any CPU
		Release|Any CPU = Release|Any CPU
	EndGlobalSection
	GlobalSection(ProjectConfigurationPlatforms) = postSolution
		{20266B08-CE31-4950-B841-7C0F2C00B0EA}.Debug|Any CPU.ActiveCfg = Debug|Any CPU
		{20266B08-CE31-4950-B841-7C0F2C00B0EA}.Debug|Any CPU.Build.0 = Debug|Any CPU
		{20266B08-CE31-4950-B841-7C0F2C00B0EA}.Release|Any CPU.ActiveCfg = Release|Any CPU
		{20266B08-CE31-4950-B841-7C0F2C00B0EA}.Release|Any CPU.Build.0 = Release|Any CPU
	EndGlobalSection
	GlobalSection(SolutionProperties) = preSolution
		HideSolutionNode = FALSE
	EndGlobalSection
	GlobalSection(ExtensibilityGlobals) = postSolution
		SolutionGuid = {239669B1-D89A-442F-8C86-EEC58EF83E83}
	EndGlobalSection
EndGlobal
